
Microsoft Visual Studio Solution File, Format Version 12.00
# Visual Studio Version 16
VisualStudioVersion = 16.0.30621.155
MinimumVisualStudioVersion = 10.0.40219.1
Project("{FAE04EC0-301F-11D3-BF4B-00C04F79EFBC}") = "ADO_ShoppingCart_View", "ADO_ShoppingCart_View.csproj", "{832A6B8C-BD5E-432D-862D-AE7BFEFFFB57}"
EndProject
Project("{FAE04EC0-301F-11D3-BF4B-00C04F79EFBC}") = "ADO_ShoppingCart_BLL", "..\ADO_ShoppingCart_BLL\ADO_ShoppingCart_BLL.csproj", "{CBDC14F7-D7BA-47AB-BA73-95650B53D3DC}"
EndProject
Project("{FAE04EC0-301F-11D3-BF4B-00C04F79EFBC}") = "ADO_ShoppingCart_Dal", "..\ADO_ShoppingCart_Dal\ADO_ShoppingCart_Dal.csproj", "{FDF9D7DD-3AAB-4477-B752-683EDF78EDA9}"
EndProject
Project("{FAE04EC0-301F-11D3-BF4B-00C04F79EFBC}") = "ADO_ShoppingCart_Common", "..\ADO_ShoppingCart_Common\ADO_ShoppingCart_Common.csproj", "{8270AEFE-E22B-4BB2-A9B8-B7E2D640DC91}"
EndProject
Project("{2150E333-8FDC-42A3-9474-1A3956D46DE8}") = "Project ADO ShoppingCart", "Project ADO ShoppingCart", "{7FAD613C-8045-41F4-9848-70E968311913}"
EndProject
Global
	GlobalSection(SolutionConfigurationPlatforms) = preSolution
		Debug|Any CPU = Debug|Any CPU
		Debug|ARM = Debug|ARM
		Debug|ARM64 = Debug|ARM64
		Debug|x64 = Debug|x64
		Debug|x86 = Debug|x86
		Release|Any CPU = Release|Any CPU
		Release|ARM = Release|ARM
		Release|ARM64 = Release|ARM64
		Release|x64 = Release|x64
		Release|x86 = Release|x86
	EndGlobalSection
	GlobalSection(ProjectConfigurationPlatforms) = postSolution
		{832A6B8C-BD5E-432D-862D-AE7BFEFFFB57}.Debug|Any CPU.ActiveCfg = Debug|x86
		{832A6B8C-BD5E-432D-862D-AE7BFEFFFB57}.Debug|ARM.ActiveCfg = Debug|ARM
		{832A6B8C-BD5E-432D-862D-AE7BFEFFFB57}.Debug|ARM.Build.0 = Debug|ARM
		{832A6B8C-BD5E-432D-862D-AE7BFEFFFB57}.Debug|ARM.Deploy.0 = Debug|ARM
		{832A6B8C-BD5E-432D-862D-AE7BFEFFFB57}.Debug|ARM64.ActiveCfg = Debug|ARM64
		{832A6B8C-BD5E-432D-862D-AE7BFEFFFB57}.Debug|ARM64.Build.0 = Debug|ARM64
		{832A6B8C-BD5E-432D-862D-AE7BFEFFFB57}.Debug|ARM64.Deploy.0 = Debug|ARM64
		{832A6B8C-BD5E-432D-862D-AE7BFEFFFB57}.Debug|x64.ActiveCfg = Debug|x64
		{832A6B8C-BD5E-432D-862D-AE7BFEFFFB57}.Debug|x64.Build.0 = Debug|x64
		{832A6B8C-BD5E-432D-862D-AE7BFEFFFB57}.Debug|x64.Deploy.0 = Debug|x64
		{832A6B8C-BD5E-432D-862D-AE7BFEFFFB57}.Debug|x86.ActiveCfg = Debug|x86
		{832A6B8C-BD5E-432D-862D-AE7BFEFFFB57}.Debug|x86.Build.0 = Debug|x86
		{832A6B8C-BD5E-432D-862D-AE7BFEFFFB57}.Debug|x86.Deploy.0 = Debug|x86
		{832A6B8C-BD5E-432D-862D-AE7BFEFFFB57}.Release|Any CPU.ActiveCfg = Release|x86
		{832A6B8C-BD5E-432D-862D-AE7BFEFFFB57}.Release|ARM.ActiveCfg = Release|ARM
		{832A6B8C-BD5E-432D-862D-AE7BFEFFFB57}.Release|ARM.Build.0 = Release|ARM
		{832A6B8C-BD5E-432D-862D-AE7BFEFFFB57}.Release|ARM.Deploy.0 = Release|ARM
		{832A6B8C-BD5E-432D-862D-AE7BFEFFFB57}.Release|ARM64.ActiveCfg = Release|ARM64
		{832A6B8C-BD5E-432D-862D-AE7BFEFFFB57}.Release|ARM64.Build.0 = Release|ARM64
		{832A6B8C-BD5E-432D-862D-AE7BFEFFFB57}.Release|ARM64.Deploy.0 = Release|ARM64
		{832A6B8C-BD5E-432D-862D-AE7BFEFFFB57}.Release|x64.ActiveCfg = Release|x64
		{832A6B8C-BD5E-432D-862D-AE7BFEFFFB57}.Release|x64.Build.0 = Release|x64
		{832A6B8C-BD5E-432D-862D-AE7BFEFFFB57}.Release|x64.Deploy.0 = Release|x64
		{832A6B8C-BD5E-432D-862D-AE7BFEFFFB57}.Release|x86.ActiveCfg = Release|x86
		{832A6B8C-BD5E-432D-862D-AE7BFEFFFB57}.Release|x86.Build.0 = Release|x86
		{832A6B8C-BD5E-432D-862D-AE7BFEFFFB57}.Release|x86.Deploy.0 = Release|x86
		{CBDC14F7-D7BA-47AB-BA73-95650B53D3DC}.Debug|Any CPU.ActiveCfg = Debug|Any CPU
		{CBDC14F7-D7BA-47AB-BA73-95650B53D3DC}.Debug|Any CPU.Build.0 = Debug|Any CPU
		{CBDC14F7-D7BA-47AB-BA73-95650B53D3DC}.Debug|ARM.ActiveCfg = Debug|ARM
		{CBDC14F7-D7BA-47AB-BA73-95650B53D3DC}.Debug|ARM.Build.0 = Debug|ARM
		{CBDC14F7-D7BA-47AB-BA73-95650B53D3DC}.Debug|ARM64.ActiveCfg = Debug|ARM64
		{CBDC14F7-D7BA-47AB-BA73-95650B53D3DC}.Debug|ARM64.Build.0 = Debug|ARM64
		{CBDC14F7-D7BA-47AB-BA73-95650B53D3DC}.Debug|x64.ActiveCfg = Debug|x64
		{CBDC14F7-D7BA-47AB-BA73-95650B53D3DC}.Debug|x64.Build.0 = Debug|x64
		{CBDC14F7-D7BA-47AB-BA73-95650B53D3DC}.Debug|x86.ActiveCfg = Debug|x86
		{CBDC14F7-D7BA-47AB-BA73-95650B53D3DC}.Debug|x86.Build.0 = Debug|x86
		{CBDC14F7-D7BA-47AB-BA73-95650B53D3DC}.Release|Any CPU.ActiveCfg = Release|Any CPU
		{CBDC14F7-D7BA-47AB-BA73-95650B53D3DC}.Release|Any CPU.Build.0 = Release|Any CPU
		{CBDC14F7-D7BA-47AB-BA73-95650B53D3DC}.Release|ARM.ActiveCfg = Release|ARM
		{CBDC14F7-D7BA-47AB-BA73-95650B53D3DC}.Release|ARM.Build.0 = Release|ARM
		{CBDC14F7-D7BA-47AB-BA73-95650B53D3DC}.Release|ARM64.ActiveCfg = Release|ARM64
		{CBDC14F7-D7BA-47AB-BA73-95650B53D3DC}.Release|ARM64.Build.0 = Release|ARM64
		{CBDC14F7-D7BA-47AB-BA73-95650B53D3DC}.Release|x64.ActiveCfg = Release|x64
		{CBDC14F7-D7BA-47AB-BA73-95650B53D3DC}.Release|x64.Build.0 = Release|x64
		{CBDC14F7-D7BA-47AB-BA73-95650B53D3DC}.Release|x86.ActiveCfg = Release|x86
		{CBDC14F7-D7BA-47AB-BA73-95650B53D3DC}.Release|x86.Build.0 = Release|x86
		{FDF9D7DD-3AAB-4477-B752-683EDF78EDA9}.Debug|Any CPU.ActiveCfg = Debug|Any CPU
		{FDF9D7DD-3AAB-4477-B752-683EDF78EDA9}.Debug|Any CPU.Build.0 = Debug|Any CPU
		{FDF9D7DD-3AAB-4477-B752-683EDF78EDA9}.Debug|ARM.ActiveCfg = Debug|ARM
		{FDF9D7DD-3AAB-4477-B752-683EDF78EDA9}.Debug|ARM.Build.0 = Debug|ARM
		{FDF9D7DD-3AAB-4477-B752-683EDF78EDA9}.Debug|ARM64.ActiveCfg = Debug|ARM64
		{FDF9D7DD-3AAB-4477-B752-683EDF78EDA9}.Debug|ARM64.Build.0 = Debug|ARM64
		{FDF9D7DD-3AAB-4477-B752-683EDF78EDA9}.Debug|x64.ActiveCfg = Debug|x64
		{FDF9D7DD-3AAB-4477-B752-683EDF78EDA9}.Debug|x64.Build.0 = Debug|x64
		{FDF9D7DD-3AAB-4477-B752-683EDF78EDA9}.Debug|x86.ActiveCfg = Debug|x86
		{FDF9D7DD-3AAB-4477-B752-683EDF78EDA9}.Debug|x86.Build.0 = Debug|x86
		{FDF9D7DD-3AAB-4477-B752-683EDF78EDA9}.Release|Any CPU.ActiveCfg = Release|Any CPU
		{FDF9D7DD-3AAB-4477-B752-683EDF78EDA9}.Release|Any CPU.Build.0 = Release|Any CPU
		{FDF9D7DD-3AAB-4477-B752-683EDF78EDA9}.Release|ARM.ActiveCfg = Release|ARM
		{FDF9D7DD-3AAB-4477-B752-683EDF78EDA9}.Release|ARM.Build.0 = Release|ARM
		{FDF9D7DD-3AAB-4477-B752-683EDF78EDA9}.Release|ARM64.ActiveCfg = Release|ARM64
		{FDF9D7DD-3AAB-4477-B752-683EDF78EDA9}.Release|ARM64.Build.0 = Release|ARM64
		{FDF9D7DD-3AAB-4477-B752-683EDF78EDA9}.Release|x64.ActiveCfg = Release|x64
		{FDF9D7DD-3AAB-4477-B752-683EDF78EDA9}.Release|x64.Build.0 = Release|x64
		{FDF9D7DD-3AAB-4477-B752-683EDF78EDA9}.Release|x86.ActiveCfg = Release|x86
		{FDF9D7DD-3AAB-4477-B752-683EDF78EDA9}.Release|x86.Build.0 = Release|x86
		{8270AEFE-E22B-4BB2-A9B8-B7E2D640DC91}.Debug|Any CPU.ActiveCfg = Debug|Any CPU
		{8270AEFE-E22B-4BB2-A9B8-B7E2D640DC91}.Debug|Any CPU.Build.0 = Debug|Any CPU
		{8270AEFE-E22B-4BB2-A9B8-B7E2D640DC91}.Debug|ARM.ActiveCfg = Debug|ARM
		{8270AEFE-E22B-4BB2-A9B8-B7E2D640DC91}.Debug|ARM.Build.0 = Debug|ARM
		{8270AEFE-E22B-4BB2-A9B8-B7E2D640DC91}.Debug|ARM64.ActiveCfg = Debug|ARM64
		{8270AEFE-E22B-4BB2-A9B8-B7E2D640DC91}.Debug|ARM64.Build.0 = Debug|ARM64
		{8270AEFE-E22B-4BB2-A9B8-B7E2D640DC91}.Debug|x64.ActiveCfg = Debug|x64
		{8270AEFE-E22B-4BB2-A9B8-B7E2D640DC91}.Debug|x64.Build.0 = Debug|x64
		{8270AEFE-E22B-4BB2-A9B8-B7E2D640DC91}.Debug|x86.ActiveCfg = Debug|x86
		{8270AEFE-E22B-4BB2-A9B8-B7E2D640DC91}.Debug|x86.Build.0 = Debug|x86
		{8270AEFE-E22B-4BB2-A9B8-B7E2D640DC91}.Release|Any CPU.ActiveCfg = Release|Any CPU
		{8270AEFE-E22B-4BB2-A9B8-B7E2D640DC91}.Release|Any CPU.Build.0 = Release|Any CPU
		{8270AEFE-E22B-4BB2-A9B8-B7E2D640DC91}.Release|ARM.ActiveCfg = Release|ARM
		{8270AEFE-E22B-4BB2-A9B8-B7E2D640DC91}.Release|ARM.Build.0 = Release|ARM
		{8270AEFE-E22B-4BB2-A9B8-B7E2D640DC91}.Release|ARM64.ActiveCfg = Release|ARM64
		{8270AEFE-E22B-4BB2-A9B8-B7E2D640DC91}.Release|ARM64.Build.0 = Release|ARM64
		{8270AEFE-E22B-4BB2-A9B8-B7E2D640DC91}.Release|x64.ActiveCfg = Release|x64
		{8270AEFE-E22B-4BB2-A9B8-B7E2D640DC91}.Release|x64.Build.0 = Release|x64
		{8270AEFE-E22B-4BB2-A9B8-B7E2D640DC91}.Release|x86.ActiveCfg = Release|x86
		{8270AEFE-E22B-4BB2-A9B8-B7E2D640DC91}.Release|x86.Build.0 = Release|x86
	EndGlobalSection
	GlobalSection(SolutionProperties) = preSolution
		HideSolutionNode = FALSE
	EndGlobalSection
	GlobalSection(NestedProjects) = preSolution
		{832A6B8C-BD5E-432D-862D-AE7BFEFFFB57} = {7FAD613C-8045-41F4-9848-70E968311913}
		{CBDC14F7-D7BA-47AB-BA73-95650B53D3DC} = {7FAD613C-8045-41F4-9848-70E968311913}
		{FDF9D7DD-3AAB-4477-B752-683EDF78EDA9} = {7FAD613C-8045-41F4-9848-70E968311913}
		{8270AEFE-E22B-4BB2-A9B8-B7E2D640DC91} = {7FAD613C-8045-41F4-9848-70E968311913}
	EndGlobalSection
	GlobalSection(ExtensibilityGlobals) = postSolution
		SolutionGuid = {406CE59D-AB42-4D75-B94B-BB51ACCD0499}
	EndGlobalSection
EndGlobal
